
Microsoft Visual Studio Solution File, Format Version 12.00
# Visual Studio Version 17
VisualStudioVersion = 17.7.34031.279
MinimumVisualStudioVersion = 10.0.40219.1
Project("{FAE04EC0-301F-11D3-BF4B-00C04F79EFBC}") = "tortik", "tortik\tortik.csproj", "{487043B5-C3BC-40EA-9384-8AFE722F67B9}"
EndProject
Global
	GlobalSection(SolutionConfigurationPlatforms) = preSolution
		Debug|Any CPU = Debug|Any CPU
		Release|Any CPU = Release|Any CPU
	EndGlobalSection
	GlobalSection(ProjectConfigurationPlatforms) = postSolution
		{487043B5-C3BC-40EA-9384-8AFE722F67B9}.Debug|Any CPU.ActiveCfg = Debug|Any CPU
		{487043B5-C3BC-40EA-9384-8AFE722F67B9}.Debug|Any CPU.Build.0 = Debug|Any CPU
		{487043B5-C3BC-40EA-9384-8AFE722F67B9}.Release|Any CPU.ActiveCfg = Release|Any CPU
		{487043B5-C3BC-40EA-9384-8AFE722F67B9}.Release|Any CPU.Build.0 = Release|Any CPU
	EndGlobalSection
	GlobalSection(SolutionProperties) = preSolution
		HideSolutionNode = FALSE
	EndGlobalSection
	GlobalSection(ExtensibilityGlobals) = postSolution
		SolutionGuid = {546E909C-F47B-4800-98AE-6AB5605DFEE9}
	EndGlobalSection
EndGlobal
